
Microsoft Visual Studio Solution File, Format Version 12.00
# Visual Studio Version 16
VisualStudioVersion = 16.0.31402.337
MinimumVisualStudioVersion = 10.0.40219.1
Project("{9A19103F-16F7-4668-BE54-9A1E7A4F7556}") = "Calculator", "Calculator\Calculator.csproj", "{D07B2F98-596C-46F8-B0E9-19E45A518DB7}"
EndProject
Project("{9A19103F-16F7-4668-BE54-9A1E7A4F7556}") = "CalculatorLib.Tests", "CalculatorLib.Tests\CalculatorLib.Tests.csproj", "{387752C8-D9A0-4D01-9037-608392B72D2C}"
EndProject
Project("{9A19103F-16F7-4668-BE54-9A1E7A4F7556}") = "CalculatorLib", "CalculatorLib\CalculatorLib.csproj", "{B98C1EF2-F547-4916-B4F2-C5EB456FB12D}"
EndProject
Global
	GlobalSection(SolutionConfigurationPlatforms) = preSolution
		Debug|Any CPU = Debug|Any CPU
		Release|Any CPU = Release|Any CPU
	EndGlobalSection
	GlobalSection(ProjectConfigurationPlatforms) = postSolution
		{D07B2F98-596C-46F8-B0E9-19E45A518DB7}.Debug|Any CPU.ActiveCfg = Debug|Any CPU
		{D07B2F98-596C-46F8-B0E9-19E45A518DB7}.Debug|Any CPU.Build.0 = Debug|Any CPU
		{D07B2F98-596C-46F8-B0E9-19E45A518DB7}.Release|Any CPU.ActiveCfg = Release|Any CPU
		{D07B2F98-596C-46F8-B0E9-19E45A518DB7}.Release|Any CPU.Build.0 = Release|Any CPU
		{387752C8-D9A0-4D01-9037-608392B72D2C}.Debug|Any CPU.ActiveCfg = Debug|Any CPU
		{387752C8-D9A0-4D01-9037-608392B72D2C}.Debug|Any CPU.Build.0 = Debug|Any CPU
		{387752C8-D9A0-4D01-9037-608392B72D2C}.Release|Any CPU.ActiveCfg = Release|Any CPU
		{387752C8-D9A0-4D01-9037-608392B72D2C}.Release|Any CPU.Build.0 = Release|Any CPU
		{B98C1EF2-F547-4916-B4F2-C5EB456FB12D}.Debug|Any CPU.ActiveCfg = Debug|Any CPU
		{B98C1EF2-F547-4916-B4F2-C5EB456FB12D}.Debug|Any CPU.Build.0 = Debug|Any CPU
		{B98C1EF2-F547-4916-B4F2-C5EB456FB12D}.Release|Any CPU.ActiveCfg = Release|Any CPU
		{B98C1EF2-F547-4916-B4F2-C5EB456FB12D}.Release|Any CPU.Build.0 = Release|Any CPU
	EndGlobalSection
	GlobalSection(SolutionProperties) = preSolution
		HideSolutionNode = FALSE
	EndGlobalSection
	GlobalSection(ExtensibilityGlobals) = postSolution
		SolutionGuid = {879B6451-FB9B-4C8C-99A2-B0016E229588}
	EndGlobalSection
EndGlobal
